
Microsoft Visual Studio Solution File, Format Version 12.00
# Visual Studio Version 17
VisualStudioVersion = 17.1.32421.90
MinimumVisualStudioVersion = 10.0.40219.1
Project("{9A19103F-16F7-4668-BE54-9A1E7A4F7556}") = "ECommerce.ProductServiceAPI", "ECommerce.ProductServiceAPI\ECommerce.ProductServiceAPI.csproj", "{E49064B7-696F-47B5-B829-595AA20184E1}"
EndProject
Project("{9A19103F-16F7-4668-BE54-9A1E7A4F7556}") = "ECommerce.PaymentServiceAPI", "ECommerce.PaymentServiceAPI\ECommerce.PaymentServiceAPI.csproj", "{7293B4E2-3877-457C-810C-0556313D7C12}"
EndProject
Project("{9A19103F-16F7-4668-BE54-9A1E7A4F7556}") = "ECommerce.IdentityServiceAPI", "ECommerce.IdentityServiceAPI\ECommerce.IdentityServiceAPI.csproj", "{14263D2D-CB54-44DC-BEF2-168B7246E9C7}"
EndProject
Project("{9A19103F-16F7-4668-BE54-9A1E7A4F7556}") = "ECommerce.ShoppingCartServiceAPI", "ECommerce.ShoppingCartServiceAPI\ECommerce.ShoppingCartServiceAPI.csproj", "{0F0C57A8-6CDA-47AB-A8A8-9149745C01ED}"
EndProject
Project("{2150E333-8FDC-42A3-9474-1A3956D46DE8}") = "Integration", "Integration", "{756E8678-4DFE-417C-A763-F1C02A2437F3}"
EndProject
Project("{2150E333-8FDC-42A3-9474-1A3956D46DE8}") = "Services", "Services", "{3CF15C0C-53C3-4CD4-90CA-FAD2A0862F63}"
EndProject
Project("{9A19103F-16F7-4668-BE54-9A1E7A4F7556}") = "ECommerce.MessageBus", "ECommerce.MessageBus\ECommerce.MessageBus.csproj", "{40DBB263-51AA-4F77-82A3-F287EDAB0291}"
EndProject
Global
	GlobalSection(SolutionConfigurationPlatforms) = preSolution
		Debug|Any CPU = Debug|Any CPU
		Release|Any CPU = Release|Any CPU
	EndGlobalSection
	GlobalSection(ProjectConfigurationPlatforms) = postSolution
		{E49064B7-696F-47B5-B829-595AA20184E1}.Debug|Any CPU.ActiveCfg = Debug|Any CPU
		{E49064B7-696F-47B5-B829-595AA20184E1}.Debug|Any CPU.Build.0 = Debug|Any CPU
		{E49064B7-696F-47B5-B829-595AA20184E1}.Release|Any CPU.ActiveCfg = Release|Any CPU
		{E49064B7-696F-47B5-B829-595AA20184E1}.Release|Any CPU.Build.0 = Release|Any CPU
		{7293B4E2-3877-457C-810C-0556313D7C12}.Debug|Any CPU.ActiveCfg = Debug|Any CPU
		{7293B4E2-3877-457C-810C-0556313D7C12}.Debug|Any CPU.Build.0 = Debug|Any CPU
		{7293B4E2-3877-457C-810C-0556313D7C12}.Release|Any CPU.ActiveCfg = Release|Any CPU
		{7293B4E2-3877-457C-810C-0556313D7C12}.Release|Any CPU.Build.0 = Release|Any CPU
		{14263D2D-CB54-44DC-BEF2-168B7246E9C7}.Debug|Any CPU.ActiveCfg = Debug|Any CPU
		{14263D2D-CB54-44DC-BEF2-168B7246E9C7}.Debug|Any CPU.Build.0 = Debug|Any CPU
		{14263D2D-CB54-44DC-BEF2-168B7246E9C7}.Release|Any CPU.ActiveCfg = Release|Any CPU
		{14263D2D-CB54-44DC-BEF2-168B7246E9C7}.Release|Any CPU.Build.0 = Release|Any CPU
		{0F0C57A8-6CDA-47AB-A8A8-9149745C01ED}.Debug|Any CPU.ActiveCfg = Debug|Any CPU
		{0F0C57A8-6CDA-47AB-A8A8-9149745C01ED}.Debug|Any CPU.Build.0 = Debug|Any CPU
		{0F0C57A8-6CDA-47AB-A8A8-9149745C01ED}.Release|Any CPU.ActiveCfg = Release|Any CPU
		{0F0C57A8-6CDA-47AB-A8A8-9149745C01ED}.Release|Any CPU.Build.0 = Release|Any CPU
		{40DBB263-51AA-4F77-82A3-F287EDAB0291}.Debug|Any CPU.ActiveCfg = Debug|Any CPU
		{40DBB263-51AA-4F77-82A3-F287EDAB0291}.Debug|Any CPU.Build.0 = Debug|Any CPU
		{40DBB263-51AA-4F77-82A3-F287EDAB0291}.Release|Any CPU.ActiveCfg = Release|Any CPU
		{40DBB263-51AA-4F77-82A3-F287EDAB0291}.Release|Any CPU.Build.0 = Release|Any CPU
	EndGlobalSection
	GlobalSection(SolutionProperties) = preSolution
		HideSolutionNode = FALSE
	EndGlobalSection
	GlobalSection(NestedProjects) = preSolution
		{E49064B7-696F-47B5-B829-595AA20184E1} = {3CF15C0C-53C3-4CD4-90CA-FAD2A0862F63}
		{7293B4E2-3877-457C-810C-0556313D7C12} = {3CF15C0C-53C3-4CD4-90CA-FAD2A0862F63}
		{14263D2D-CB54-44DC-BEF2-168B7246E9C7} = {3CF15C0C-53C3-4CD4-90CA-FAD2A0862F63}
		{0F0C57A8-6CDA-47AB-A8A8-9149745C01ED} = {3CF15C0C-53C3-4CD4-90CA-FAD2A0862F63}
		{40DBB263-51AA-4F77-82A3-F287EDAB0291} = {756E8678-4DFE-417C-A763-F1C02A2437F3}
	EndGlobalSection
	GlobalSection(ExtensibilityGlobals) = postSolution
		SolutionGuid = {42D06E0D-A910-477A-AE8C-99AD60759AA3}
	EndGlobalSection
EndGlobal
